
Microsoft Visual Studio Solution File, Format Version 12.00
# Visual Studio Version 17
VisualStudioVersion = 17.3.32901.215
MinimumVisualStudioVersion = 10.0.40219.1
Project("{FAE04EC0-301F-11D3-BF4B-00C04F79EFBC}") = "ConsoleApp", "ConsoleApp\ConsoleApp.csproj", "{CE9EE059-034C-431E-A51D-D4EA2D4AE66B}"
EndProject
Global
	GlobalSection(SolutionConfigurationPlatforms) = preSolution
		Debug|Any CPU = Debug|Any CPU
		Release|Any CPU = Release|Any CPU
	EndGlobalSection
	GlobalSection(ProjectConfigurationPlatforms) = postSolution
		{CE9EE059-034C-431E-A51D-D4EA2D4AE66B}.Debug|Any CPU.ActiveCfg = Debug|Any CPU
		{CE9EE059-034C-431E-A51D-D4EA2D4AE66B}.Debug|Any CPU.Build.0 = Debug|Any CPU
		{CE9EE059-034C-431E-A51D-D4EA2D4AE66B}.Release|Any CPU.ActiveCfg = Release|Any CPU
		{CE9EE059-034C-431E-A51D-D4EA2D4AE66B}.Release|Any CPU.Build.0 = Release|Any CPU
	EndGlobalSection
	GlobalSection(SolutionProperties) = preSolution
		HideSolutionNode = FALSE
	EndGlobalSection
	GlobalSection(ExtensibilityGlobals) = postSolution
		SolutionGuid = {69DE756F-375C-42CE-B12F-9B63D0035FDF}
	EndGlobalSection
EndGlobal
